{
  "version": 4,
  "terraform_version": "1.15.2",
  "serial": 2,
  "lineage": "da57ae48-d615-fc46-f938-62e6ecf90932",
  "outputs": {
    "pod_id": {
      "value": "4xsncrorx0x5ck",
      "type": "string"
    }
  },
  "resources": [
    {
      "mode": "managed",
      "type": "runpod_pod",
      "name": "pytorch_experiment",
      "provider": "provider[\"registry.terraform.io/runpod/runpod\"]",
      "instances": [
        {
          "schema_version": 0,
          "attributes": {
            "bid_per_gpu": null,
            "cloud_type": null,
            "cluster_ip": null,
            "container_disk_in_gb": null,
            "cost_per_hr": null,
            "created_at": "2026-07-23T23:10:39.291Z",
            "docker_args": null,
            "docker_entrypoint": null,
            "docker_start_cmd": null,
            "env": null,
            "gpu_count": 1,
            "gpu_type_id": "NVIDIA GeForce RTX 3090",
            "id": "4xsncrorx0x5ck",
            "image_name": null,
            "interruptible": null,
            "locked": null,
            "machine_id": null,
            "memory_in_gb": null,
            "name": "pytorch-experiment",
            "network_volume_id": null,
            "network_volume_ids": null,
            "port": null,
            "ports": null,
            "start_jupyter": null,
            "start_ssh": null,
            "status": null,
            "stop_after": null,
            "template_id": "6cqbth7fkj",
            "terminate_after": null,
            "type": "",
            "vcpu_count": null,
            "volume_encrypted": null,
            "volume_in_gb": null,
            "volume_key": null,
            "volume_mount_path": null
          },
          "sensitive_attributes": [
            [
              {
                "type": "get_attr",
                "value": "volume_key"
              }
            ]
          ],
          "identity_schema_version": 0
        }
      ]
    }
  ],
  "check_results": null
}
